// !$*UTF8*$!
{
	archiveVersion = 1;
	classes = {
	};
	objectVersion = 46;
	objects = {

/* Begin PBXBuildFile section */
		141724031EA99DAB00034D03 /* AppDelegate.swift in Sources */ = {isa = PBXBuildFile; fileRef = 141724021EA99DAB00034D03 /* AppDelegate.swift */; };
		141724051EA99DAB00034D03 /* ViewController.swift in Sources */ = {isa = PBXBuildFile; fileRef = 141724041EA99DAB00034D03 /* ViewController.swift */; };
		141724081EA99DAB00034D03 /* Main.storyboard in Resources */ = {isa = PBXBuildFile; fileRef = 141724061EA99DAB00034D03 /* Main.storyboard */; };
		1417240A1EA99DAB00034D03 /* Assets.xcassets in Resources */ = {isa = PBXBuildFile; fileRef = 141724091EA99DAB00034D03 /* Assets.xcassets */; };
		1417240D1EA99DAB00034D03 /* LaunchScreen.storyboard in Resources */ = {isa = PBXBuildFile; fileRef = 1417240B1EA99DAB00034D03 /* LaunchScreen.storyboard */; };
/* End PBXBuildFile section */

/* Begin PBXFileReference section */
		141723FF1EA99DAB00034D03 /* UIKit_004.app */ = {isa = PBXFileReference; explicitFileType = wrapper.application; includeInIndex = 0; path = UIKit_004.app; sourceTree = BUILT_PRODUCTS_DIR; };
		141724021EA99DAB00034D03 /* AppDelegate.swift */ = {isa = PBXFileReference; lastKnownFileType = sourcecode.swift; path = AppDelegate.swift; sourceTree = "<group>"; };
		141724041EA99DAB00034D03 /* ViewController.swift */ = {isa = PBXFileReference; lastKnownFileType = sourcecode.swift; path = ViewController.swift; sourceTree = "<group>"; };
		141724071EA99DAB00034D03 /* Base */ = {isa = PBXFileReference; lastKnownFileType = file.storyboard; name = Base; path = Base.lproj/Main.storyboard; sourceTree = "<group>"; };
		141724091EA99DAB00034D03 /* Assets.xcassets */ = {isa = PBXFileReference; lastKnownFileType = folder.assetcatalog; path = Assets.xcassets; sourceTree = "<group>"; };
		1417240C1EA99DAB00034D03 /* Base */ = {isa = PBXFileReference; lastKnownFileType = file.storyboard; name = Base; path = Base.lproj/LaunchScreen.storyboard; sourceTree = "<group>"; };
		1417240E1EA99DAC00034D03 /* Info.plist */ = {isa = PBXFileReference; lastKnownFileType = text.plist.xml; path = Info.plist; sourceTree = "<group>"; };
/* End PBXFileReference section */

/* Begin PBXFrameworksBuildPhase section */
		141723FC1EA99DAB00034D03 /* Frameworks */ = {
			isa = PBXFrameworksBuildPhase;
			buildActionMask = 2147483647;
			files = (
			);
			runOnlyForDeploymentPostprocessing = 0;
		};
/* End PBXFrameworksBuildPhase section */

/* Begin PBXGroup section */
		141723F61EA99DAB00034D03 = {
			isa = PBXGroup;
			children = (
				141724011EA99DAB00034D03 /* UIKit_004 */,
				141724001EA99DAB00034D03 /* Products */,
			);
			sourceTree = "<group>";
		};
		141724001EA99DAB00034D03 /* Products */ = {
			isa = PBXGroup;
			children = (
				141723FF1EA99DAB00034D03 /* UIKit_004.app */,
			);
			name = Products;
			sourceTree = "<group>";
		};
		141724011EA99DAB00034D03 /* UIKit_004 */ = {
			isa = PBXGroup;
			children = (
				141724021EA99DAB00034D03 /* AppDelegate.swift */,
				141724041EA99DAB00034D03 /* ViewController.swift */,
				141724061EA99DAB00034D03 /* Main.storyboard */,
				141724091EA99DAB00034D03 /* Assets.xcassets */,
				1417240B1EA99DAB00034D03 /* LaunchScreen.storyboard */,
				1417240E1EA99DAC00034D03 /* Info.plist */,
			);
			path = UIKit_004;
			sourceTree = "<group>";
		};
/* End PBXGroup section */

/* Begin PBXNativeTarget section */
		141723FE1EA99DAB00034D03 /* UIKit_004 */ = {
			isa = PBXNativeTarget;
			buildConfigurationList = 141724111EA99DAC00034D03 /* Build configuration list for PBXNativeTarget "UIKit_004" */;
			buildPhases = (
				141723FB1EA99DAB00034D03 /* Sources */,
				141723FC1EA99DAB00034D03 /* Frameworks */,
				141723FD1EA99DAB00034D03 /* Resources */,
			);
			buildRules = (
			);
			dependencies = (
			);
			name = UIKit_004;
			productName = UIKit_004;
			productReference = 141723FF1EA99DAB00034D03 /* UIKit_004.app */;
			productType = "com.apple.product-type.application";
		};
/* End PBXNativeTarget section */

/* Begin PBXProject section */
		141723F71EA99DAB00034D03 /* Project object */ = {
			isa = PBXProject;
			attributes = {
				LastSwiftUpdateCheck = 0830;
				LastUpgradeCheck = 0830;
				ORGANIZATIONNAME = "望月歩";
				TargetAttributes = {
					141723FE1EA99DAB00034D03 = {
						CreatedOnToolsVersion = 8.3.2;
						DevelopmentTeam = G9ZJ787Q67;
						ProvisioningStyle = Automatic;
					};
				};
			};
			buildConfigurationList = 141723FA1EA99DAB00034D03 /* Build configuration list for PBXProject "UIKit_004" */;
			compatibilityVersion = "Xcode 3.2";
			developmentRegion = English;
			hasScannedForEncodings = 0;
			knownRegions = (
				en,
				Base,
			);
			mainGroup = 141723F61EA99DAB00034D03;
			productRefGroup = 141724001EA99DAB00034D03 /* Products */;
			projectDirPath = "";
			projectRoot = "";
			targets = (
				141723FE1EA99DAB00034D03 /* UIKit_004 */,
			);
		};
/* End PBXProject section */

/* Begin PBXResourcesBuildPhase section */
		141723FD1EA99DAB00034D03 /* Resources */ = {
			isa = PBXResourcesBuildPhase;
			buildActionMask = 2147483647;
			files = (
				1417240D1EA99DAB00034D03 /* LaunchScreen.storyboard in Resources */,
				1417240A1EA99DAB00034D03 /* Assets.xcassets in Resources */,
				141724081EA99DAB00034D03 /* Main.storyboard in Resources */,
			);
			runOnlyForDeploymentPostprocessing = 0;
		};
/* End PBXResourcesBuildPhase section */

/* Begin PBXSourcesBuildPhase section */
		141723FB1EA99DAB00034D03 /* Sources */ = {
			isa = PBXSourcesBuildPhase;
			buildActionMask = 2147483647;
			files = (
				141724051EA99DAB00034D03 /* ViewController.swift in Sources */,
				141724031EA99DAB00034D03 /* AppDelegate.swift in Sources */,
			);
			runOnlyForDeploymentPostprocessing = 0;
		};
/* End PBXSourcesBuildPhase section */

/* Begin PBXVariantGroup section */
		141724061EA99DAB00034D03 /* Main.storyboard */ = {
			isa = PBXVariantGroup;
			children = (
				141724071EA99DAB00034D03 /* Base */,
			);
			name = Main.storyboard;
			sourceTree = "<group>";
		};
		1417240B1EA99DAB00034D03 /* LaunchScreen.storyboard */ = {
			isa = PBXVariantGroup;
			children = (
				1417240C1EA99DAB00034D03 /* Base */,
			);
			name = LaunchScreen.storyboard;
			sourceTree = "<group>";
		};
/* End PBXVariantGroup section */

/* Begin XCBuildConfiguration section */
		1417240F1EA99DAC00034D03 /* Debug */ = {
			isa = XCBuildConfiguration;
			buildSettings = {
				ALWAYS_SEARCH_USER_PATHS = NO;
				CLANG_ANALYZER_NONNULL = YES;
				CLANG_ANALYZER_NUMBER_OBJECT_CONVERSION = YES_AGGRESSIVE;
				CLANG_CXX_LANGUAGE_STANDARD = "gnu++0x";
				CLANG_CXX_LIBRARY = "libc++";
				CLANG_ENABLE_MODULES = YES;
				CLANG_ENABLE_OBJC_ARC = YES;
				CLANG_WARN_BOOL_CONVERSION = YES;
				CLANG_WARN_CONSTANT_CONVERSION = YES;
				CLANG_WARN_DIRECT_OBJC_ISA_USAGE = YES_ERROR;
				CLANG_WARN_DOCUMENTATION_COMMENTS = YES;
				CLANG_WARN_EMPTY_BODY = YES;
				CLANG_WARN_ENUM_CONVERSION = YES;
				CLANG_WARN_INFINITE_RECURSION = YES;
				CLANG_WARN_INT_CONVERSION = YES;
				CLANG_WARN_OBJC_ROOT_CLASS = YES_ERROR;
				CLANG_WARN_SUSPICIOUS_MOVE = YES;
				CLANG_WARN_UNREACHABLE_CODE = YES;
				CLANG_WARN__DUPLICATE_METHOD_MATCH = YES;
				"CODE_SIGN_IDENTITY[sdk=iphoneos*]" = "iPhone Developer";
				COPY_PHASE_STRIP = NO;
				DEBUG_INFORMATION_FORMAT = dwarf;
				ENABLE_STRICT_OBJC_MSGSEND = YES;
				ENABLE_TESTABILITY = YES;
				GCC_C_LANGUAGE_STANDARD = gnu99;
				GCC_DYNAMIC_NO_PIC = NO;
				GCC_NO_COMMON_BLOCKS = YES;
				GCC_OPTIMIZATION_LEVEL = 0;
				GCC_PREPROCESSOR_DEFINITIONS = (
					"DEBUG=1",
					"$(inherited)",
				);
				GCC_WARN_64_TO_32_BIT_CONVERSION = YES;
				GCC_WARN_ABOUT_RETURN_TYPE = YES_ERROR;
				GCC_WARN_UNDECLARED_SELECTOR = YES;
				GCC_WARN_UNINITIALIZED_AUTOS = YES_AGGRESSIVE;
				GCC_WARN_UNUSED_FUNCTION = YES;
				GCC_WARN_UNUSED_VARIABLE = YES;
				IPHONEOS_DEPLOYMENT_TARGET = 10.3;
				MTL_ENABLE_DEBUG_INFO = YES;
				ONLY_ACTIVE_ARCH = YES;
				SDKROOT = iphoneos;
				SWIFT_ACTIVE_COMPILATION_CONDITIONS = DEBUG;
				SWIFT_OPTIMIZATION_LEVEL = "-Onone";
			};
			name = Debug;
		};
		141724101EA99DAC00034D03 /* Release */ = {
			isa = XCBuildConfiguration;
			buildSettings = {
				ALWAYS_SEARCH_USER_PATHS = NO;
				CLANG_ANALYZER_NONNULL = YES;
				CLANG_ANALYZER_NUMBER_OBJECT_CONVERSION = YES_AGGRESSIVE;
				CLANG_CXX_LANGUAGE_STANDARD = "gnu++0x";
				CLANG_CXX_LIBRARY = "libc++";
				CLANG_ENABLE_MODULES = YES;
				CLANG_ENABLE_OBJC_ARC = YES;
				CLANG_WARN_BOOL_CONVERSION = YES;
				CLANG_WARN_CONSTANT_CONVERSION = YES;
				CLANG_WARN_DIRECT_OBJC_ISA_USAGE = YES_ERROR;
				CLANG_WARN_DOCUMENTATION_COMMENTS = YES;
				CLANG_WARN_EMPTY_BODY = YES;
				CLANG_WARN_ENUM_CONVERSION = YES;
				CLANG_WARN_INFINITE_RECURSION = YES;
				CLANG_WARN_INT_CONVERSION = YES;
				CLANG_WARN_OBJC_ROOT_CLASS = YES_ERROR;
				CLANG_WARN_SUSPICIOUS_MOVE = YES;
				CLANG_WARN_UNREACHABLE_CODE = YES;
				CLANG_WARN__DUPLICATE_METHOD_MATCH = YES;
				"CODE_SIGN_IDENTITY[sdk=iphoneos*]" = "iPhone Developer";
				COPY_PHASE_STRIP = NO;
				DEBUG_INFORMATION_FORMAT = "dwarf-with-dsym";
				ENABLE_NS_ASSERTIONS = NO;
				ENABLE_STRICT_OBJC_MSGSEND = YES;
				GCC_C_LANGUAGE_STANDARD = gnu99;
				GCC_NO_COMMON_BLOCKS = YES;
				GCC_WARN_64_TO_32_BIT_CONVERSION = YES;
				GCC_WARN_ABOUT_RETURN_TYPE = YES_ERROR;
				GCC_WARN_UNDECLARED_SELECTOR = YES;
				GCC_WARN_UNINITIALIZED_AUTOS = YES_AGGRESSIVE;
				GCC_WARN_UNUSED_FUNCTION = YES;
				GCC_WARN_UNUSED_VARIABLE = YES;
				IPHONEOS_DEPLOYMENT_TARGET = 10.3;
				MTL_ENABLE_DEBUG_INFO = NO;
				SDKROOT = iphoneos;
				SWIFT_OPTIMIZATION_LEVEL = "-Owholemodule";
				VALIDATE_PRODUCT = YES;
			};
			name = Release;
		};
		141724121EA99DAC00034D03 /* Debug */ = {
			isa = XCBuildConfiguration;
			buildSettings = {
				ASSETCATALOG_COMPILER_APPICON_NAME = AppIcon;
				DEVELOPMENT_TEAM = G9ZJ787Q67;
				INFOPLIST_FILE = UIKit_004/Info.plist;
				LD_RUNPATH_SEARCH_PATHS = "$(inherited) @executable_path/Frameworks";
				PRODUCT_BUNDLE_IDENTIFIER = "ayumu838.UIKit-004";
				PRODUCT_NAME = "$(TARGET_NAME)";
				SWIFT_VERSION = 3.0;
			};
			name = Debug;
		};
		141724131EA99DAC00034D03 /* Release */ = {
			isa = XCBuildConfiguration;
			buildSettings = {
				ASSETCATALOG_COMPILER_APPICON_NAME = AppIcon;
				DEVELOPMENT_TEAM = G9ZJ787Q67;
				INFOPLIST_FILE = UIKit_004/Info.plist;
				LD_RUNPATH_SEARCH_PATHS = "$(inherited) @executable_path/Frameworks";
				PRODUCT_BUNDLE_IDENTIFIER = "ayumu838.UIKit-004";
				PRODUCT_NAME = "$(TARGET_NAME)";
				SWIFT_VERSION = 3.0;
			};
			name = Release;
		};
/* End XCBuildConfiguration section */

/* Begin XCConfigurationList section */
		141723FA1EA99DAB00034D03 /* Build configuration list for PBXProject "UIKit_004" */ = {
			isa = XCConfigurationList;
			buildConfigurations = (
				1417240F1EA99DAC00034D03 /* Debug */,
				141724101EA99DAC00034D03 /* Release */,
			);
			defaultConfigurationIsVisible = 0;
			defaultConfigurationName = Release;
		};
		141724111EA99DAC00034D03 /* Build configuration list for PBXNativeTarget "UIKit_004" */ = {
			isa = XCConfigurationList;
			buildConfigurations = (
				141724121EA99DAC00034D03 /* Debug */,
				141724131EA99DAC00034D03 /* Release */,
			);
			defaultConfigurationIsVisible = 0;
		};
/* End XCConfigurationList section */
	};
	rootObject = 141723F71EA99DAB00034D03 /* Project object */;
}
